
Microsoft Visual Studio Solution File, Format Version 12.00
# Visual Studio Version 17
VisualStudioVersion = 17.14.35821.62
MinimumVisualStudioVersion = 10.0.40219.1
Project("{2150E333-8FDC-42A3-9474-1A3956D46DE8}") = "src", "src", "{02EA681E-C7D8-13C7-8484-4AC65E1B71E8}"
EndProject
Project("{2150E333-8FDC-42A3-9474-1A3956D46DE8}") = "test", "test", "{3726EF39-324B-412E-A769-673B9B068D1C}"
EndProject
Project("{2150E333-8FDC-42A3-9474-1A3956D46DE8}") = "AppHost", "AppHost", "{377D559D-4D62-4CC2-ADCC-9B7E8A77361A}"
EndProject
Project("{2150E333-8FDC-42A3-9474-1A3956D46DE8}") = "BuildingBlocks", "BuildingBlocks", "{969039AE-62AD-40A2-9C8C-77A22FD6A266}"
EndProject
Project("{2150E333-8FDC-42A3-9474-1A3956D46DE8}") = "Services", "Services", "{8A41F945-32FE-47AC-A850-A782A4106781}"
EndProject
Project("{2150E333-8FDC-42A3-9474-1A3956D46DE8}") = "ApiGateways", "ApiGateways", "{B8343818-A29A-42BF-916E-9E21DA1DB536}"
EndProject
Project("{FAE04EC0-301F-11D3-BF4B-00C04F79EFBC}") = "AppHost", "src\AppHost\AppHost\AppHost.csproj", "{8DA94BA6-037E-4BEE-A32C-7BF277F3A6D4}"
EndProject
Project("{2150E333-8FDC-42A3-9474-1A3956D46DE8}") = "ApiOrchestratorService", "ApiOrchestratorService", "{ED95CCCE-EF99-4B14-91E3-328C73AD8D31}"
EndProject
Project("{2150E333-8FDC-42A3-9474-1A3956D46DE8}") = "ApiCatalogService", "ApiCatalogService", "{1E7D04D7-5846-4151-B60A-1501F1BD7BFB}"
EndProject
Project("{2150E333-8FDC-42A3-9474-1A3956D46DE8}") = "ServiceDefaults", "ServiceDefaults", "{E57B023A-049F-42D7-88B3-A82917FBB4B3}"
EndProject
Project("{FAE04EC0-301F-11D3-BF4B-00C04F79EFBC}") = "DabirX.ServiceDefaults", "src\BuildingBlocks\ServiceDefaults\DabirX.ServiceDefaults\DabirX.ServiceDefaults.csproj", "{14D83E84-1A22-0D69-8241-F7F5B121CDB5}"
EndProject
Project("{FAE04EC0-301F-11D3-BF4B-00C04F79EFBC}") = "ApiOrchestratorService.API", "src\Services\ApiOrchestratorService\ApiOrchestratorService.API\ApiOrchestratorService.API.csproj", "{69F005FE-860F-4CE5-A848-B24C96521C60}"
EndProject
Project("{FAE04EC0-301F-11D3-BF4B-00C04F79EFBC}") = "ApiOrchestratorService.Contract", "src\Services\ApiOrchestratorService\ApiOrchestratorService.Contract\ApiOrchestratorService.Contract.csproj", "{2C4F588F-6B3C-4C61-BA67-42E6FB585711}"
EndProject
Project("{FAE04EC0-301F-11D3-BF4B-00C04F79EFBC}") = "ApiOrchestratorService.Infrastructure", "src\Services\ApiOrchestratorService\ApiOrchestratorService.Infrastructure\ApiOrchestratorService.Infrastructure.csproj", "{6794E3E9-C5D6-45B4-89DA-50082BAB60D6}"
EndProject
Project("{FAE04EC0-301F-11D3-BF4B-00C04F79EFBC}") = "ApiOrchestratorService.Domain", "src\Services\ApiOrchestratorService\ApiOrchestratorService.Domain\ApiOrchestratorService.Domain.csproj", "{703C1C66-1268-4246-8B4C-7F92F24EEA9E}"
EndProject
Global
	GlobalSection(SolutionConfigurationPlatforms) = preSolution
		Debug|Any CPU = Debug|Any CPU
		Release|Any CPU = Release|Any CPU
	EndGlobalSection
	GlobalSection(ProjectConfigurationPlatforms) = postSolution
		{8DA94BA6-037E-4BEE-A32C-7BF277F3A6D4}.Debug|Any CPU.ActiveCfg = Debug|Any CPU
		{8DA94BA6-037E-4BEE-A32C-7BF277F3A6D4}.Debug|Any CPU.Build.0 = Debug|Any CPU
		{8DA94BA6-037E-4BEE-A32C-7BF277F3A6D4}.Release|Any CPU.ActiveCfg = Release|Any CPU
		{8DA94BA6-037E-4BEE-A32C-7BF277F3A6D4}.Release|Any CPU.Build.0 = Release|Any CPU
		{14D83E84-1A22-0D69-8241-F7F5B121CDB5}.Debug|Any CPU.ActiveCfg = Debug|Any CPU
		{14D83E84-1A22-0D69-8241-F7F5B121CDB5}.Debug|Any CPU.Build.0 = Debug|Any CPU
		{14D83E84-1A22-0D69-8241-F7F5B121CDB5}.Release|Any CPU.ActiveCfg = Release|Any CPU
		{14D83E84-1A22-0D69-8241-F7F5B121CDB5}.Release|Any CPU.Build.0 = Release|Any CPU
		{69F005FE-860F-4CE5-A848-B24C96521C60}.Debug|Any CPU.ActiveCfg = Debug|Any CPU
		{69F005FE-860F-4CE5-A848-B24C96521C60}.Debug|Any CPU.Build.0 = Debug|Any CPU
		{69F005FE-860F-4CE5-A848-B24C96521C60}.Release|Any CPU.ActiveCfg = Release|Any CPU
		{69F005FE-860F-4CE5-A848-B24C96521C60}.Release|Any CPU.Build.0 = Release|Any CPU
		{2C4F588F-6B3C-4C61-BA67-42E6FB585711}.Debug|Any CPU.ActiveCfg = Debug|Any CPU
		{2C4F588F-6B3C-4C61-BA67-42E6FB585711}.Debug|Any CPU.Build.0 = Debug|Any CPU
		{2C4F588F-6B3C-4C61-BA67-42E6FB585711}.Release|Any CPU.ActiveCfg = Release|Any CPU
		{2C4F588F-6B3C-4C61-BA67-42E6FB585711}.Release|Any CPU.Build.0 = Release|Any CPU
		{6794E3E9-C5D6-45B4-89DA-50082BAB60D6}.Debug|Any CPU.ActiveCfg = Debug|Any CPU
		{6794E3E9-C5D6-45B4-89DA-50082BAB60D6}.Debug|Any CPU.Build.0 = Debug|Any CPU
		{6794E3E9-C5D6-45B4-89DA-50082BAB60D6}.Release|Any CPU.ActiveCfg = Release|Any CPU
		{6794E3E9-C5D6-45B4-89DA-50082BAB60D6}.Release|Any CPU.Build.0 = Release|Any CPU
		{703C1C66-1268-4246-8B4C-7F92F24EEA9E}.Debug|Any CPU.ActiveCfg = Debug|Any CPU
		{703C1C66-1268-4246-8B4C-7F92F24EEA9E}.Debug|Any CPU.Build.0 = Debug|Any CPU
		{703C1C66-1268-4246-8B4C-7F92F24EEA9E}.Release|Any CPU.ActiveCfg = Release|Any CPU
		{703C1C66-1268-4246-8B4C-7F92F24EEA9E}.Release|Any CPU.Build.0 = Release|Any CPU
	EndGlobalSection
	GlobalSection(SolutionProperties) = preSolution
		HideSolutionNode = FALSE
	EndGlobalSection
	GlobalSection(NestedProjects) = preSolution
		{377D559D-4D62-4CC2-ADCC-9B7E8A77361A} = {02EA681E-C7D8-13C7-8484-4AC65E1B71E8}
		{969039AE-62AD-40A2-9C8C-77A22FD6A266} = {02EA681E-C7D8-13C7-8484-4AC65E1B71E8}
		{8A41F945-32FE-47AC-A850-A782A4106781} = {02EA681E-C7D8-13C7-8484-4AC65E1B71E8}
		{B8343818-A29A-42BF-916E-9E21DA1DB536} = {02EA681E-C7D8-13C7-8484-4AC65E1B71E8}
		{8DA94BA6-037E-4BEE-A32C-7BF277F3A6D4} = {377D559D-4D62-4CC2-ADCC-9B7E8A77361A}
		{ED95CCCE-EF99-4B14-91E3-328C73AD8D31} = {8A41F945-32FE-47AC-A850-A782A4106781}
		{1E7D04D7-5846-4151-B60A-1501F1BD7BFB} = {8A41F945-32FE-47AC-A850-A782A4106781}
		{E57B023A-049F-42D7-88B3-A82917FBB4B3} = {969039AE-62AD-40A2-9C8C-77A22FD6A266}
		{14D83E84-1A22-0D69-8241-F7F5B121CDB5} = {E57B023A-049F-42D7-88B3-A82917FBB4B3}
		{69F005FE-860F-4CE5-A848-B24C96521C60} = {ED95CCCE-EF99-4B14-91E3-328C73AD8D31}
		{2C4F588F-6B3C-4C61-BA67-42E6FB585711} = {ED95CCCE-EF99-4B14-91E3-328C73AD8D31}
		{6794E3E9-C5D6-45B4-89DA-50082BAB60D6} = {ED95CCCE-EF99-4B14-91E3-328C73AD8D31}
		{703C1C66-1268-4246-8B4C-7F92F24EEA9E} = {ED95CCCE-EF99-4B14-91E3-328C73AD8D31}
	EndGlobalSection
	GlobalSection(ExtensibilityGlobals) = postSolution
		SolutionGuid = {64C18DE9-E973-401F-A7F1-784B666D3A40}
	EndGlobalSection
EndGlobal
